github.com/bit101/bitlib v0.5.0 h1:F8RrbnuLaYcqK/txlkdTTETFkcsMWRk9MHQE7YE08H4=
github.com/bit101/bitlib v0.5.0/go.mod h1:d0L7f0E8a21VD7cDuVuIsNyD4yqqxZsvgKxh5Nx433E=
github.com/bit101/blcairo v1.2.6 h1:OToD9pk/Fs+YgqGSOfuGJP+B5mWdyPPQrNkKFMlgITc=
github.com/bit101/blcairo v1.2.6/go.mod h1:rJ4Xk4Blq63EcWFzCDxyHsU7o/aGQo7DxpP/8oYvc0c=
